{
  "name": "otplink",
  "version": "0.1.0",
  "lockfileVersion": 3,
  "requires": true,
  "packages": {
    "": {
      "name": "otplink",
      "version": "0.1.0",
      "license": "MIT",
      "devDependencies": {
        "better-auth": "1.6.2",
        "typescript": "^5.7.2"
      },
      "engines": {
        "node": ">=18"
      }
    },
    "node_modules/@better-auth/core": {
      "version": "1.6.2",
      "resolved": "https://registry.npmjs.org/@better-auth/core/-/core-1.6.2.tgz",
      "integrity": "sha512-nBftDp+eN1fwXor1O4KQorCXa0tJNDgpab7O1z4NcWUU+3faDpdzqLn5mbXZer2E8ZD4VhjqOfYZ041xnBF5NA==",
      "dev": true,
      "license": "MIT",
      "dependencies": {
        "@opentelemetry/semantic-conventions": "^1.39.0",
        "@standard-schema/spec": "^1.1.0",
        "zod": "^4.3.6"
      },
      "peerDependencies": {
        "@better-auth/utils": "0.4.0",
        "@better-fetch/fetch": "1.1.21",
        "@cloudflare/workers-types": ">=4",
        "@opentelemetry/api": "^1.9.0",
        "better-call": "1.3.5",
        "jose": "^6.1.0",
        "kysely": "^0.28.5",
        "nanostores": "^1.0.1"
      },
      "peerDependenciesMeta": {
        "@cloudflare/workers-types": {
          "optional": true
        }
      }
    },
    "node_modules/@better-auth/drizzle-adapter": {
      "version": "1.6.2",
      "resolved": "https://registry.npmjs.org/@better-auth/drizzle-adapter/-/drizzle-adapter-1.6.2.tgz",
      "integrity": "sha512-KawrNNuhgmpcc5PgLs6HesMckxCscz5J+BQ99iRmU1cLzG/A87IcydrmYtep+K8WHPN0HmZ/i4z/nOBCtxE2qA==",
      "dev": true,
      "license": "MIT",
      "peerDependencies": {
        "@better-auth/core": "^1.6.2",
        "@better-auth/utils": "0.4.0",
        "drizzle-orm": ">=0.41.0"
      },
      "peerDependenciesMeta": {
        "drizzle-orm": {
          "optional": true
        }
      }
    },
    "node_modules/@better-auth/kysely-adapter": {
      "version": "1.6.2",
      "resolved": "https://registry.npmjs.org/@better-auth/kysely-adapter/-/kysely-adapter-1.6.2.tgz",
      "integrity": "sha512-YMMm75jek/MNCAFWTAaq/U3VPmFnrwZW4NhBjjAwruHQJEIrSZZaOaUEXuUpFRRBhWqg7OOltQcHMwU/45CkuA==",
      "dev": true,
      "license": "MIT",
      "peerDependencies": {
        "@better-auth/core": "^1.6.2",
        "@better-auth/utils": "0.4.0",
        "kysely": "^0.27.0 || ^0.28.0"
      },
      "peerDependenciesMeta": {
        "kysely": {
          "optional": true
        }
      }
    },
    "node_modules/@better-auth/memory-adapter": {
      "version": "1.6.2",
      "resolved": "https://registry.npmjs.org/@better-auth/memory-adapter/-/memory-adapter-1.6.2.tgz",
      "integrity": "sha512-QvuK5m7NFgkzLPHyab+NORu3J683nj36Tix58qq6DPcniyY6KZk5gY2yyh4+z1wgSjrxwY5NFx/DC2qz8B8NJg==",
      "dev": true,
      "license": "MIT",
      "peerDependencies": {
        "@better-auth/core": "^1.6.2",
        "@better-auth/utils": "0.4.0"
      }
    },
    "node_modules/@better-auth/mongo-adapter": {
      "version": "1.6.2",
      "resolved": "https://registry.npmjs.org/@better-auth/mongo-adapter/-/mongo-adapter-1.6.2.tgz",
      "integrity": "sha512-IvR2Q+1pjzxA4JXI3ED76+6fsqervIpZ2K5MxoX/+miLQhLEmNcbqqcItg4O2kfkxN8h33/ev57sjTW8QH9Tuw==",
      "dev": true,
      "license": "MIT",
      "peerDependencies": {
        "@better-auth/core": "^1.6.2",
        "@better-auth/utils": "0.4.0",
        "mongodb": "^6.0.0 || ^7.0.0"
      },
      "peerDependenciesMeta": {
        "mongodb": {
          "optional": true
        }
      }
    },
    "node_modules/@better-auth/prisma-adapter": {
      "version": "1.6.2",
      "resolved": "https://registry.npmjs.org/@better-auth/prisma-adapter/-/prisma-adapter-1.6.2.tgz",
      "integrity": "sha512-bQkXYTo1zPau+xAiMpo1yCjEDSy7i7oeYlkYO+fSfRDCo52DE/9oPOOuI+EStmFkPUNSk9L2rhk8Fulifi8WCg==",
      "dev": true,
      "license": "MIT",
      "peerDependencies": {
        "@better-auth/core": "^1.6.2",
        "@better-auth/utils": "0.4.0",
        "@prisma/client": "^5.0.0 || ^6.0.0 || ^7.0.0",
        "prisma": "^5.0.0 || ^6.0.0 || ^7.0.0"
      },
      "peerDependenciesMeta": {
        "@prisma/client": {
          "optional": true
        },
        "prisma": {
          "optional": true
        }
      }
    },
    "node_modules/@better-auth/telemetry": {
      "version": "1.6.2",
      "resolved": "https://registry.npmjs.org/@better-auth/telemetry/-/telemetry-1.6.2.tgz",
      "integrity": "sha512-o4gHKXqizUxVUUYChZZTowLEzdsz3ViBE/fKFzfHqNFUnF+aVt8QsbLSfipq1WpTIXyJVT/SnH0hgSdWxdssbQ==",
      "dev": true,
      "license": "MIT",
      "peerDependencies": {
        "@better-auth/core": "^1.6.2",
        "@better-auth/utils": "0.4.0",
        "@better-fetch/fetch": "1.1.21"
      }
    },
    "node_modules/@better-auth/utils": {
      "version": "0.4.0",
      "resolved": "https://registry.npmjs.org/@better-auth/utils/-/utils-0.4.0.tgz",
      "integrity": "sha512-RpMtLUIQAEWMgdPLNVbIF5ON2mm+CH0U3rCdUCU1VyeAUui4m38DyK7/aXMLZov2YDjG684pS1D0MBllrmgjQA==",
      "dev": true,
      "license": "MIT",
      "dependencies": {
        "@noble/hashes": "^2.0.1"
      }
    },
    "node_modules/@better-fetch/fetch": {
      "version": "1.1.21",
      "resolved": "https://registry.npmjs.org/@better-fetch/fetch/-/fetch-1.1.21.tgz",
      "integrity": "sha512-/ImESw0sskqlVR94jB+5+Pxjf+xBwDZF/N5+y2/q4EqD7IARUTSpPfIo8uf39SYpCxyOCtbyYpUrZ3F/k0zT4A==",
      "dev": true
    },
    "node_modules/@noble/ciphers": {
      "version": "2.4.0",
      "resolved": "https://registry.npmjs.org/@noble/ciphers/-/ciphers-2.4.0.tgz",
      "integrity": "sha512-AnjFn0Jv92laAkvMrghlFZq4qQCIN/4DxFV/eooqtC2YTjB7kBeLMS2T9KJX4Dn+ZVXLOwK0lSgqDtx9gvxtiw==",
      "dev": true,
      "license": "MIT",
      "engines": {
        "node": ">= 20.19.0"
      },
      "funding": {
        "url": "https://paulmillr.com/funding/"
      }
    },
    "node_modules/@noble/hashes": {
      "version": "2.4.0",
      "resolved": "https://registry.npmjs.org/@noble/hashes/-/hashes-2.4.0.tgz",
      "integrity": "sha512-X5XaVWZIBCT7HHZGm5I7ZQXDwLG+bGXuSrMQAW+7Zvl87h1kmc1ZB1VSRJcpUfoUrGQp4Fkoxm5kZ+Ms+aW+eA==",
      "dev": true,
      "license": "MIT",
      "engines": {
        "node": ">= 20.19.0"
      },
      "funding": {
        "url": "https://paulmillr.com/funding/"
      }
    },
    "node_modules/@opentelemetry/api": {
      "version": "1.9.1",
      "resolved": "https://registry.npmjs.org/@opentelemetry/api/-/api-1.9.1.tgz",
      "integrity": "sha512-gLyJlPHPZYdAk1JENA9LeHejZe1Ti77/pTeFm/nMXmQH/HFZlcS/O2XJB+L8fkbrNSqhdtlvjBVjxwUYanNH5Q==",
      "dev": true,
      "license": "Apache-2.0",
      "peer": true,
      "engines": {
        "node": ">=8.0.0"
      }
    },
    "node_modules/@opentelemetry/semantic-conventions": {
      "version": "1.43.0",
      "resolved": "https://registry.npmjs.org/@opentelemetry/semantic-conventions/-/semantic-conventions-1.43.0.tgz",
      "integrity": "sha512-eSYWTm620tTk45EKSedaUL8MFYI8hW164hIXsgIHyxu3VobUB3fFCu5t0hQby6OoWRPsG1KkKUG2M5UadiLiVg==",
      "dev": true,
      "license": "Apache-2.0",
      "engines": {
        "node": ">=14"
      }
    },
    "node_modules/@standard-schema/spec": {
      "version": "1.1.0",
      "resolved": "https://registry.npmjs.org/@standard-schema/spec/-/spec-1.1.0.tgz",
      "integrity": "sha512-l2aFy5jALhniG5HgqrD6jXLi/rUWrKvqN/qJx6yoJsgKhblVd+iqqU4RCXavm/jPityDo5TCvKMnpjKnOriy0w==",
      "dev": true,
      "license": "MIT"
    },
    "node_modules/better-auth": {
      "version": "1.6.2",
      "resolved": "https://registry.npmjs.org/better-auth/-/better-auth-1.6.2.tgz",
      "integrity": "sha512-5nqDAIj5xexmnk+GjjdrBknJCabi1mlvsVWJbxs4usHreao4vNdxIxINWDzCyDF9iDR1ildRZdXWSiYPAvTHhA==",
      "dev": true,
      "license": "MIT",
      "dependencies": {
        "@better-auth/core": "1.6.2",
        "@better-auth/drizzle-adapter": "1.6.2",
        "@better-auth/kysely-adapter": "1.6.2",
        "@better-auth/memory-adapter": "1.6.2",
        "@better-auth/mongo-adapter": "1.6.2",
        "@better-auth/prisma-adapter": "1.6.2",
        "@better-auth/telemetry": "1.6.2",
        "@better-auth/utils": "0.4.0",
        "@better-fetch/fetch": "1.1.21",
        "@noble/ciphers": "^2.1.1",
        "@noble/hashes": "^2.0.1",
        "better-call": "1.3.5",
        "defu": "^6.1.4",
        "jose": "^6.1.3",
        "kysely": "^0.28.14",
        "nanostores": "^1.1.1",
        "zod": "^4.3.6"
      },
      "peerDependencies": {
        "@lynx-js/react": "*",
        "@prisma/client": "^5.0.0 || ^6.0.0 || ^7.0.0",
        "@sveltejs/kit": "^2.0.0",
        "@tanstack/react-start": "^1.0.0",
        "@tanstack/solid-start": "^1.0.0",
        "better-sqlite3": "^12.0.0",
        "drizzle-kit": ">=0.31.4",
        "drizzle-orm": ">=0.41.0",
        "mongodb": "^6.0.0 || ^7.0.0",
        "mysql2": "^3.0.0",
        "next": "^14.0.0 || ^15.0.0 || ^16.0.0",
        "pg": "^8.0.0",
        "prisma": "^5.0.0 || ^6.0.0 || ^7.0.0",
        "react": "^18.0.0 || ^19.0.0",
        "react-dom": "^18.0.0 || ^19.0.0",
        "solid-js": "^1.0.0",
        "svelte": "^4.0.0 || ^5.0.0",
        "vitest": "^2.0.0 || ^3.0.0 || ^4.0.0",
        "vue": "^3.0.0"
      },
      "peerDependenciesMeta": {
        "@lynx-js/react": {
          "optional": true
        },
        "@prisma/client": {
          "optional": true
        },
        "@sveltejs/kit": {
          "optional": true
        },
        "@tanstack/react-start": {
          "optional": true
        },
        "@tanstack/solid-start": {
          "optional": true
        },
        "better-sqlite3": {
          "optional": true
        },
        "drizzle-kit": {
          "optional": true
        },
        "drizzle-orm": {
          "optional": true
        },
        "mongodb": {
          "optional": true
        },
        "mysql2": {
          "optional": true
        },
        "next": {
          "optional": true
        },
        "pg": {
          "optional": true
        },
        "prisma": {
          "optional": true
        },
        "react": {
          "optional": true
        },
        "react-dom": {
          "optional": true
        },
        "solid-js": {
          "optional": true
        },
        "svelte": {
          "optional": true
        },
        "vitest": {
          "optional": true
        },
        "vue": {
          "optional": true
        }
      }
    },
    "node_modules/better-call": {
      "version": "1.3.5",
      "resolved": "https://registry.npmjs.org/better-call/-/better-call-1.3.5.tgz",
      "integrity": "sha512-kOFJkBP7utAQLEYrobZm3vkTH8mXq5GNgvjc5/XEST1ilVHaxXUXfeDeFlqoETMtyqS4+3/h4ONX2i++ebZrvA==",
      "dev": true,
      "license": "MIT",
      "dependencies": {
        "@better-auth/utils": "^0.4.0",
        "@better-fetch/fetch": "^1.1.21",
        "rou3": "^0.7.12",
        "set-cookie-parser": "^3.0.1"
      },
      "peerDependencies": {
        "zod": "^4.0.0"
      },
      "peerDependenciesMeta": {
        "zod": {
          "optional": true
        }
      }
    },
    "node_modules/defu": {
      "version": "6.1.7",
      "resolved": "https://registry.npmjs.org/defu/-/defu-6.1.7.tgz",
      "integrity": "sha512-7z22QmUWiQ/2d0KkdYmANbRUVABpZ9SNYyH5vx6PZ+nE5bcC0l7uFvEfHlyld/HcGBFTL536ClDt3DEcSlEJAQ==",
      "dev": true,
      "license": "MIT"
    },
    "node_modules/jose": {
      "version": "6.2.10",
      "resolved": "https://registry.npmjs.org/jose/-/jose-6.2.10.tgz",
      "integrity": "sha512-iiW7J9qRFlGxvCOIBDBDxFePQSn7ZMAnrYGhrrOo6siO/MIqwfyilLR27pkfDgUk+raLuzADS8A3S/KLBisc0g==",
      "dev": true,
      "license": "MIT",
      "funding": {
        "url": "https://github.com/sponsors/panva"
      }
    },
    "node_modules/kysely": {
      "version": "0.28.17",
      "resolved": "https://registry.npmjs.org/kysely/-/kysely-0.28.17.tgz",
      "integrity": "sha512-nbD8lB9EB3wNdMhOCdx5Li8DxnLbvKByylRLcJ1h+4SkrowVeECAyZlyiKMThF7xFdRz0jSQ2MoJr+wXux2y0Q==",
      "dev": true,
      "license": "MIT",
      "engines": {
        "node": ">=20.0.0"
      }
    },
    "node_modules/nanostores": {
      "version": "1.5.2",
      "resolved": "https://registry.npmjs.org/nanostores/-/nanostores-1.5.2.tgz",
      "integrity": "sha512-B0UbxzK1s0CN8Xht6r+7iT5+xV8PTaRERR1nATeplRv1Rw5YLWfVAid0hkqY3EceqpG4RjTk8GAwIxQY39Rnwg==",
      "dev": true,
      "funding": [
        {
          "type": "github",
          "url": "https://github.com/sponsors/ai"
        }
      ],
      "license": "MIT",
      "engines": {
        "node": "^20.0.0 || >=22.0.0"
      }
    },
    "node_modules/rou3": {
      "version": "0.7.12",
      "resolved": "https://registry.npmjs.org/rou3/-/rou3-0.7.12.tgz",
      "integrity": "sha512-iFE4hLDuloSWcD7mjdCDhx2bKcIsYbtOTpfH5MHHLSKMOUyjqQXTeZVa289uuwEGEKFoE/BAPbhaU4B774nceg==",
      "dev": true,
      "license": "MIT"
    },
    "node_modules/set-cookie-parser": {
      "version": "3.1.2",
      "resolved": "https://registry.npmjs.org/set-cookie-parser/-/set-cookie-parser-3.1.2.tgz",
      "integrity": "sha512-5/r/lTwbJ3zQ+qwdUFZYeRNqda7P5HD8zQKqlSjdGt1/S0cjLAphHusj4Y58ahDtWn/g32xrIS58/ikOvwl0Lw==",
      "dev": true,
      "license": "MIT"
    },
    "node_modules/typescript": {
      "version": "5.9.3",
      "resolved": "https://registry.npmjs.org/typescript/-/typescript-5.9.3.tgz",
      "integrity": "sha512-jl1vZzPDinLr9eUt3J/t7V6FgNEw9QjvBPdysz9KfQDD41fQrC2Y4vKQdiaUpFT4bXlb1RHhLpp8wtm6M5TgSw==",
      "dev": true,
      "license": "Apache-2.0",
      "bin": {
        "tsc": "bin/tsc",
        "tsserver": "bin/tsserver"
      },
      "engines": {
        "node": ">=14.17"
      }
    },
    "node_modules/zod": {
      "version": "4.5.4",
      "resolved": "https://registry.npmjs.org/zod/-/zod-4.5.4.tgz",
      "integrity": "sha512-sC95tT5iHHH9gtpj6A81kh+NEaRAUFN+qlUPDUbRfOMvNf5QCBqsb3WgvnpVtK5Y+4UfA6KqufotuTvMGiTlsA==",
      "dev": true,
      "license": "MIT",
      "funding": {
        "url": "https://github.com/sponsors/colinhacks"
      }
    }
  }
}
